
Microsoft Visual Studio Solution File, Format Version 12.00
# Visual Studio 15
VisualStudioVersion = 15.0.27703.2026
MinimumVisualStudioVersion = 10.0.40219.1
Project("{FAE04EC0-301F-11D3-BF4B-00C04F79EFBC}") = "UAFEP", "UAFEP\UAFEP.csproj", "{A370DC01-FAC2-42E0-A8C0-83B37E5BB1F4}"
EndProject
Project("{FAE04EC0-301F-11D3-BF4B-00C04F79EFBC}") = "UAFEPUnitTests", "UAFEPUnitTests\UAFEPUnitTests.csproj", "{D4A58BF4-B004-4FB0-9416-D94829C6F1DD}"
EndProject
Global
	GlobalSection(SolutionConfigurationPlatforms) = preSolution
		Debug|Any CPU = Debug|Any CPU
		Release|Any CPU = Release|Any CPU
	EndGlobalSection
	GlobalSection(ProjectConfigurationPlatforms) = postSolution
		{A370DC01-FAC2-42E0-A8C0-83B37E5BB1F4}.Debug|Any CPU.ActiveCfg = Debug|Any CPU
		{A370DC01-FAC2-42E0-A8C0-83B37E5BB1F4}.Debug|Any CPU.Build.0 = Debug|Any CPU
		{A370DC01-FAC2-42E0-A8C0-83B37E5BB1F4}.Release|Any CPU.ActiveCfg = Release|Any CPU
		{A370DC01-FAC2-42E0-A8C0-83B37E5BB1F4}.Release|Any CPU.Build.0 = Release|Any CPU
		{D4A58BF4-B004-4FB0-9416-D94829C6F1DD}.Debug|Any CPU.ActiveCfg = Debug|Any CPU
		{D4A58BF4-B004-4FB0-9416-D94829C6F1DD}.Debug|Any CPU.Build.0 = Debug|Any CPU
		{D4A58BF4-B004-4FB0-9416-D94829C6F1DD}.Release|Any CPU.ActiveCfg = Release|Any CPU
		{D4A58BF4-B004-4FB0-9416-D94829C6F1DD}.Release|Any CPU.Build.0 = Release|Any CPU
	EndGlobalSection
	GlobalSection(SolutionProperties) = preSolution
		HideSolutionNode = FALSE
	EndGlobalSection
	GlobalSection(ExtensibilityGlobals) = postSolution
		SolutionGuid = {B77AF7CB-A169-4EC6-A444-42EEA97CD004}
	EndGlobalSection
EndGlobal
